
Microsoft Visual Studio Solution File, Format Version 12.00
# Visual Studio Version 16
VisualStudioVersion = 16.0.33529.622
MinimumVisualStudioVersion = 10.0.40219.1
Project("{FAE04EC0-301F-11D3-BF4B-00C04F79EFBC}") = "Guardian BD beta", "Guardian BD beta\Guardian BD beta.csproj", "{271CA836-3E00-4F8D-8C62-A3D85F90E391}"
EndProject
Project("{54435603-DBB4-11D2-8724-00A0C9A8B90C}") = "GUARDIAN - BASE DE DATOS", "GUARDIAN - BASE DE DATOS\GUARDIAN - BASE DE DATOS.vdproj", "{F9BE1057-2B48-46CA-9139-C593E22EB049}"
EndProject
Project("{54435603-DBB4-11D2-8724-00A0C9A8B90C}") = "Setupprueba1", "Setupprueba1\Setupprueba1.vdproj", "{D6A30ABE-EBB4-4188-970F-3741F599158F}"
EndProject
Global
	GlobalSection(SolutionConfigurationPlatforms) = preSolution
		Debug|Any CPU = Debug|Any CPU
		Release|Any CPU = Release|Any CPU
	EndGlobalSection
	GlobalSection(ProjectConfigurationPlatforms) = postSolution
		{271CA836-3E00-4F8D-8C62-A3D85F90E391}.Debug|Any CPU.ActiveCfg = Release|Any CPU
		{271CA836-3E00-4F8D-8C62-A3D85F90E391}.Debug|Any CPU.Build.0 = Release|Any CPU
		{271CA836-3E00-4F8D-8C62-A3D85F90E391}.Release|Any CPU.ActiveCfg = Release|Any CPU
		{271CA836-3E00-4F8D-8C62-A3D85F90E391}.Release|Any CPU.Build.0 = Release|Any CPU
		{F9BE1057-2B48-46CA-9139-C593E22EB049}.Debug|Any CPU.ActiveCfg = Debug
		{F9BE1057-2B48-46CA-9139-C593E22EB049}.Release|Any CPU.ActiveCfg = Release
		{D6A30ABE-EBB4-4188-970F-3741F599158F}.Debug|Any CPU.ActiveCfg = Debug
		{D6A30ABE-EBB4-4188-970F-3741F599158F}.Release|Any CPU.ActiveCfg = Release
	EndGlobalSection
	GlobalSection(SolutionProperties) = preSolution
		HideSolutionNode = FALSE
	EndGlobalSection
	GlobalSection(ExtensibilityGlobals) = postSolution
		SolutionGuid = {9F241D13-2CBD-401A-AFDA-32EEF5CA30D7}
	EndGlobalSection
EndGlobal
